{
  "originHash" : "10334d60ea7e288a87fd37d0d3fb53d52abcef8376e9893785df15fd04b22470",
  "pins" : [
    {
      "identity" : "alamofire",
      "kind" : "remoteSourceControl",
      "location" : "https://github.com/Alamofire/Alamofire.git",
      "state" : {
        "revision" : "513364f870f6bfc468f9d2ff0a95caccc10044c5",
        "version" : "5.10.2"
      }
    },
    {
      "identity" : "kingfisher",
      "kind" : "remoteSourceControl",
      "location" : "https://github.com/onevcat/Kingfisher.git",
      "state" : {
        "revision" : "b450a3b30e0767277a6eed7e02dbdebd7d173da0",
        "version" : "8.3.0"
      }
    },
    {
      "identity" : "unsplash-photopicker-ios",
      "kind" : "remoteSourceControl",
      "location" : "https://github.com/unsplash/unsplash-photopicker-ios.git",
      "state" : {
        "revision" : "7306a92362855ec41149e5e214c63089586653f4",
        "version" : "1.3.0"
      }
    }
  ],
  "version" : 3
}
